
Microsoft Visual Studio Solution File, Format Version 12.00
# Visual Studio Version 17
VisualStudioVersion = 17.7.34031.279
MinimumVisualStudioVersion = 10.0.40219.1
Project("{13B669BE-BB05-4DDF-9536-439F39A36129}") = "PHPFreelanceTask_SavingFormToFile", "PHPFreelanceTask_SavingFormToFile.phpproj", "{56122AD6-FB2C-49E4-8336-FB3FD5440103}"
EndProject
Global
	GlobalSection(SolutionConfigurationPlatforms) = preSolution
		Debug|Any CPU = Debug|Any CPU
		Release|Any CPU = Release|Any CPU
	EndGlobalSection
	GlobalSection(ProjectConfigurationPlatforms) = postSolution
		{56122AD6-FB2C-49E4-8336-FB3FD5440103}.Debug|Any CPU.ActiveCfg = Debug|Any CPU
		{56122AD6-FB2C-49E4-8336-FB3FD5440103}.Debug|Any CPU.Build.0 = Debug|Any CPU
		{56122AD6-FB2C-49E4-8336-FB3FD5440103}.Release|Any CPU.ActiveCfg = Release|Any CPU
		{56122AD6-FB2C-49E4-8336-FB3FD5440103}.Release|Any CPU.Build.0 = Release|Any CPU
	EndGlobalSection
	GlobalSection(SolutionProperties) = preSolution
		HideSolutionNode = FALSE
	EndGlobalSection
	GlobalSection(ExtensibilityGlobals) = postSolution
		SolutionGuid = {30FDFC41-1721-4CFD-B64B-5670A8FF4E46}
	EndGlobalSection
EndGlobal
